
Microsoft Visual Studio Solution File, Format Version 12.00
# Visual Studio Version 17
VisualStudioVersion = 17.4.33110.190
MinimumVisualStudioVersion = 10.0.40219.1
Project("{FAE04EC0-301F-11D3-BF4B-00C04F79EFBC}") = "PeopleTest", "PeopleTest\PeopleTest.csproj", "{2E598C0F-55ED-4C01-AF13-A37140893069}"
EndProject
Global
	GlobalSection(SolutionConfigurationPlatforms) = preSolution
		Debug|Any CPU = Debug|Any CPU
		Release|Any CPU = Release|Any CPU
	EndGlobalSection
	GlobalSection(ProjectConfigurationPlatforms) = postSolution
		{2E598C0F-55ED-4C01-AF13-A37140893069}.Debug|Any CPU.ActiveCfg = Debug|Any CPU
		{2E598C0F-55ED-4C01-AF13-A37140893069}.Debug|Any CPU.Build.0 = Debug|Any CPU
		{2E598C0F-55ED-4C01-AF13-A37140893069}.Release|Any CPU.ActiveCfg = Release|Any CPU
		{2E598C0F-55ED-4C01-AF13-A37140893069}.Release|Any CPU.Build.0 = Release|Any CPU
	EndGlobalSection
	GlobalSection(SolutionProperties) = preSolution
		HideSolutionNode = FALSE
	EndGlobalSection
	GlobalSection(ExtensibilityGlobals) = postSolution
		SolutionGuid = {4189A496-1687-471B-9F49-698C7F650009}
	EndGlobalSection
EndGlobal
